
Microsoft Visual Studio Solution File, Format Version 12.00
# Visual Studio Version 16
VisualStudioVersion = 16.0.29411.108
MinimumVisualStudioVersion = 10.0.40219.1
Project("{FAE04EC0-301F-11D3-BF4B-00C04F79EFBC}") = "test", "test\test.csproj", "{A44ED749-8B42-462E-A349-E07E9C78008C}"
EndProject
Global
	GlobalSection(SolutionConfigurationPlatforms) = preSolution
		Debug|Any CPU = Debug|Any CPU
		Release|Any CPU = Release|Any CPU
	EndGlobalSection
	GlobalSection(ProjectConfigurationPlatforms) = postSolution
		{A44ED749-8B42-462E-A349-E07E9C78008C}.Debug|Any CPU.ActiveCfg = Debug|Any CPU
		{A44ED749-8B42-462E-A349-E07E9C78008C}.Debug|Any CPU.Build.0 = Debug|Any CPU
		{A44ED749-8B42-462E-A349-E07E9C78008C}.Debug|Any CPU.Deploy.0 = Debug|Any CPU
		{A44ED749-8B42-462E-A349-E07E9C78008C}.Release|Any CPU.ActiveCfg = Release|Any CPU
		{A44ED749-8B42-462E-A349-E07E9C78008C}.Release|Any CPU.Build.0 = Release|Any CPU
		{A44ED749-8B42-462E-A349-E07E9C78008C}.Release|Any CPU.Deploy.0 = Release|Any CPU
	EndGlobalSection
	GlobalSection(SolutionProperties) = preSolution
		HideSolutionNode = FALSE
	EndGlobalSection
	GlobalSection(ExtensibilityGlobals) = postSolution
		SolutionGuid = {2BE1F3DD-C916-4FB4-B70C-A09DA5754057}
	EndGlobalSection
EndGlobal
